{
  "nodes": {
    "home-manager": {
      "inputs": {
        "nixpkgs": "nixpkgs"
      },
      "locked": {
        "lastModified": 1786286733,
        "narHash": "sha256-7dN93WKkEERgutPtTjK7SY3ZarO2LAU33A1+vKu+7cc=",
        "owner": "nix-community",
        "repo": "home-manager",
        "rev": "367f7ef80856d18438953d54dda235d42a46ba31",
        "type": "github"
      },
      "original": {
        "owner": "nix-community",
        "repo": "home-manager",
        "type": "github"
      }
    },
    "nixpkgs": {
      "locked": {
        "lastModified": 1785141334,
        "narHash": "sha256-kh35kIx7el4Jk8Ki3BH9/Pn1eZYSYLJ6LMALos0zOy0=",
        "owner": "NixOS",
        "repo": "nixpkgs",
        "rev": "38a4887411571457d700c51c64a6e49ead2ed5ab",
        "type": "github"
      },
      "original": {
        "owner": "NixOS",
        "ref": "nixpkgs-unstable",
        "repo": "nixpkgs",
        "type": "github"
      }
    },
    "nixpkgs_2": {
      "locked": {
        "lastModified": 1786269061,
        "narHash": "sha256-RGzIl6tIoh0PsdbojAmeVgNv7LxHxdvb2SA0Ej24nX0=",
        "owner": "nixos",
        "repo": "nixpkgs",
        "rev": "b78ee463a44bd56f935ec34724f54611e0b569a2",
        "type": "github"
      },
      "original": {
        "owner": "nixos",
        "repo": "nixpkgs",
        "type": "github"
      }
    },
    "root": {
      "inputs": {
        "home-manager": "home-manager",
        "nixpkgs": "nixpkgs_2"
      }
    }
  },
  "root": "root",
  "version": 7
}
